
Microsoft Visual Studio Solution File, Format Version 12.00
# Visual Studio Version 17
VisualStudioVersion = 17.3.32825.248
MinimumVisualStudioVersion = 10.0.40219.1
Project("{9A19103F-16F7-4668-BE54-9A1E7A4F7556}") = "GameOfLife", "GameOfLife\GameOfLife.csproj", "{8212EB91-4F4D-4501-8FFC-301BBA099822}"
EndProject
Project("{9A19103F-16F7-4668-BE54-9A1E7A4F7556}") = "AcceptanceTests", "AcceptanceTests\AcceptanceTests.csproj", "{D2200038-0CC6-4B3C-BC36-91D8A3BE2B43}"
EndProject
Project("{9A19103F-16F7-4668-BE54-9A1E7A4F7556}") = "LogicTests", "LogicTests\LogicTests.csproj", "{F42A056E-9751-42BB-9FB9-A5C287BCC3CB}"
EndProject
Global
	GlobalSection(SolutionConfigurationPlatforms) = preSolution
		Debug|Any CPU = Debug|Any CPU
		Release|Any CPU = Release|Any CPU
	EndGlobalSection
	GlobalSection(ProjectConfigurationPlatforms) = postSolution
		{8212EB91-4F4D-4501-8FFC-301BBA099822}.Debug|Any CPU.ActiveCfg = Debug|Any CPU
		{8212EB91-4F4D-4501-8FFC-301BBA099822}.Debug|Any CPU.Build.0 = Debug|Any CPU
		{8212EB91-4F4D-4501-8FFC-301BBA099822}.Release|Any CPU.ActiveCfg = Release|Any CPU
		{8212EB91-4F4D-4501-8FFC-301BBA099822}.Release|Any CPU.Build.0 = Release|Any CPU
		{D2200038-0CC6-4B3C-BC36-91D8A3BE2B43}.Debug|Any CPU.ActiveCfg = Debug|Any CPU
		{D2200038-0CC6-4B3C-BC36-91D8A3BE2B43}.Debug|Any CPU.Build.0 = Debug|Any CPU
		{D2200038-0CC6-4B3C-BC36-91D8A3BE2B43}.Release|Any CPU.ActiveCfg = Release|Any CPU
		{D2200038-0CC6-4B3C-BC36-91D8A3BE2B43}.Release|Any CPU.Build.0 = Release|Any CPU
		{F42A056E-9751-42BB-9FB9-A5C287BCC3CB}.Debug|Any CPU.ActiveCfg = Debug|Any CPU
		{F42A056E-9751-42BB-9FB9-A5C287BCC3CB}.Debug|Any CPU.Build.0 = Debug|Any CPU
		{F42A056E-9751-42BB-9FB9-A5C287BCC3CB}.Release|Any CPU.ActiveCfg = Release|Any CPU
		{F42A056E-9751-42BB-9FB9-A5C287BCC3CB}.Release|Any CPU.Build.0 = Release|Any CPU
	EndGlobalSection
	GlobalSection(SolutionProperties) = preSolution
		HideSolutionNode = FALSE
	EndGlobalSection
	GlobalSection(ExtensibilityGlobals) = postSolution
		SolutionGuid = {7761CCED-7D0D-4129-88EF-DEC80D502FA3}
	EndGlobalSection
EndGlobal
